
Microsoft Visual Studio Solution File, Format Version 12.00
# Visual Studio Version 17
VisualStudioVersion = 17.0.31903.59
MinimumVisualStudioVersion = 10.0.40219.1
Project("{2150E333-8FDC-42A3-9474-1A3956D46DE8}") = "src", "src", "{C10C0388-B4E5-4567-92C0-090C5D7C2608}"
EndProject
Project("{FAE04EC0-301F-11D3-BF4B-00C04F79EFBC}") = "AuctionService", "src\AuctionService\AuctionService.csproj", "{E1B820D0-F464-4165-A886-11DD0FC3021D}"
EndProject
Project("{FAE04EC0-301F-11D3-BF4B-00C04F79EFBC}") = "SearchService", "src\SearchService\SearchService.csproj", "{CDD93658-3955-4787-856F-A994FA2F6932}"
EndProject
Project("{FAE04EC0-301F-11D3-BF4B-00C04F79EFBC}") = "Contracts", "src\Contracts\Contracts.csproj", "{9EAD22BB-65E3-4B5A-9EBD-F659C188EF7A}"
EndProject
Project("{FAE04EC0-301F-11D3-BF4B-00C04F79EFBC}") = "IdentityService", "src\IdentityService\IdentityService.csproj", "{338E1053-A5ED-4A82-9C56-31AF942569BA}"
EndProject
Project("{FAE04EC0-301F-11D3-BF4B-00C04F79EFBC}") = "GatewayService", "src\GatewayService\GatewayService.csproj", "{0AD5559D-A6C5-4716-9F16-E359FE8F2007}"
EndProject
Project("{FAE04EC0-301F-11D3-BF4B-00C04F79EFBC}") = "BiddingService", "src\BiddingService\BiddingService.csproj", "{2DE0B7BB-BC59-4F25-9454-644479911358}"
EndProject
Global
	GlobalSection(SolutionConfigurationPlatforms) = preSolution
		Debug|Any CPU = Debug|Any CPU
		Release|Any CPU = Release|Any CPU
	EndGlobalSection
	GlobalSection(SolutionProperties) = preSolution
		HideSolutionNode = FALSE
	EndGlobalSection
	GlobalSection(ProjectConfigurationPlatforms) = postSolution
		{E1B820D0-F464-4165-A886-11DD0FC3021D}.Debug|Any CPU.ActiveCfg = Debug|Any CPU
		{E1B820D0-F464-4165-A886-11DD0FC3021D}.Debug|Any CPU.Build.0 = Debug|Any CPU
		{E1B820D0-F464-4165-A886-11DD0FC3021D}.Release|Any CPU.ActiveCfg = Release|Any CPU
		{E1B820D0-F464-4165-A886-11DD0FC3021D}.Release|Any CPU.Build.0 = Release|Any CPU
		{CDD93658-3955-4787-856F-A994FA2F6932}.Debug|Any CPU.ActiveCfg = Debug|Any CPU
		{CDD93658-3955-4787-856F-A994FA2F6932}.Debug|Any CPU.Build.0 = Debug|Any CPU
		{CDD93658-3955-4787-856F-A994FA2F6932}.Release|Any CPU.ActiveCfg = Release|Any CPU
		{CDD93658-3955-4787-856F-A994FA2F6932}.Release|Any CPU.Build.0 = Release|Any CPU
		{9EAD22BB-65E3-4B5A-9EBD-F659C188EF7A}.Debug|Any CPU.ActiveCfg = Debug|Any CPU
		{9EAD22BB-65E3-4B5A-9EBD-F659C188EF7A}.Debug|Any CPU.Build.0 = Debug|Any CPU
		{9EAD22BB-65E3-4B5A-9EBD-F659C188EF7A}.Release|Any CPU.ActiveCfg = Release|Any CPU
		{9EAD22BB-65E3-4B5A-9EBD-F659C188EF7A}.Release|Any CPU.Build.0 = Release|Any CPU
		{338E1053-A5ED-4A82-9C56-31AF942569BA}.Debug|Any CPU.ActiveCfg = Debug|Any CPU
		{338E1053-A5ED-4A82-9C56-31AF942569BA}.Debug|Any CPU.Build.0 = Debug|Any CPU
		{338E1053-A5ED-4A82-9C56-31AF942569BA}.Release|Any CPU.ActiveCfg = Release|Any CPU
		{338E1053-A5ED-4A82-9C56-31AF942569BA}.Release|Any CPU.Build.0 = Release|Any CPU
		{0AD5559D-A6C5-4716-9F16-E359FE8F2007}.Debug|Any CPU.ActiveCfg = Debug|Any CPU
		{0AD5559D-A6C5-4716-9F16-E359FE8F2007}.Debug|Any CPU.Build.0 = Debug|Any CPU
		{0AD5559D-A6C5-4716-9F16-E359FE8F2007}.Release|Any CPU.ActiveCfg = Release|Any CPU
		{0AD5559D-A6C5-4716-9F16-E359FE8F2007}.Release|Any CPU.Build.0 = Release|Any CPU
		{2DE0B7BB-BC59-4F25-9454-644479911358}.Debug|Any CPU.ActiveCfg = Debug|Any CPU
		{2DE0B7BB-BC59-4F25-9454-644479911358}.Debug|Any CPU.Build.0 = Debug|Any CPU
		{2DE0B7BB-BC59-4F25-9454-644479911358}.Release|Any CPU.ActiveCfg = Release|Any CPU
		{2DE0B7BB-BC59-4F25-9454-644479911358}.Release|Any CPU.Build.0 = Release|Any CPU
	EndGlobalSection
	GlobalSection(NestedProjects) = preSolution
		{E1B820D0-F464-4165-A886-11DD0FC3021D} = {C10C0388-B4E5-4567-92C0-090C5D7C2608}
		{CDD93658-3955-4787-856F-A994FA2F6932} = {C10C0388-B4E5-4567-92C0-090C5D7C2608}
		{9EAD22BB-65E3-4B5A-9EBD-F659C188EF7A} = {C10C0388-B4E5-4567-92C0-090C5D7C2608}
		{338E1053-A5ED-4A82-9C56-31AF942569BA} = {C10C0388-B4E5-4567-92C0-090C5D7C2608}
		{0AD5559D-A6C5-4716-9F16-E359FE8F2007} = {C10C0388-B4E5-4567-92C0-090C5D7C2608}
		{2DE0B7BB-BC59-4F25-9454-644479911358} = {C10C0388-B4E5-4567-92C0-090C5D7C2608}
	EndGlobalSection
EndGlobal
